
Microsoft Visual Studio Solution File, Format Version 12.00
# Visual Studio Version 16
VisualStudioVersion = 16.0.28803.156
MinimumVisualStudioVersion = 10.0.40219.1
Project("{FAE04EC0-301F-11D3-BF4B-00C04F79EFBC}") = "SharpJokes", "SharpJokes\SharpJokes.csproj", "{92E27316-03E0-4776-BCE5-0409D4A51219}"
EndProject
Project("{FAE04EC0-301F-11D3-BF4B-00C04F79EFBC}") = "DBAccess", "DBAccess\DBAccess.csproj", "{88117DB4-85A9-4A0E-9B8C-F3B4208CE6EC}"
EndProject
Project("{FAE04EC0-301F-11D3-BF4B-00C04F79EFBC}") = "SJUnitTests", "SJUnitTests\SJUnitTests.csproj", "{D98FA3B8-CE5B-404B-9EC6-81FC0E9F6203}"
EndProject
Global
	GlobalSection(SolutionConfigurationPlatforms) = preSolution
		Debug|Any CPU = Debug|Any CPU
		Debug|ARM = Debug|ARM
		Debug|ARM64 = Debug|ARM64
		Debug|x64 = Debug|x64
		Debug|x86 = Debug|x86
		Release|Any CPU = Release|Any CPU
		Release|ARM = Release|ARM
		Release|ARM64 = Release|ARM64
		Release|x64 = Release|x64
		Release|x86 = Release|x86
	EndGlobalSection
	GlobalSection(ProjectConfigurationPlatforms) = postSolution
		{92E27316-03E0-4776-BCE5-0409D4A51219}.Debug|Any CPU.ActiveCfg = Debug|x86
		{92E27316-03E0-4776-BCE5-0409D4A51219}.Debug|ARM.ActiveCfg = Debug|ARM
		{92E27316-03E0-4776-BCE5-0409D4A51219}.Debug|ARM.Build.0 = Debug|ARM
		{92E27316-03E0-4776-BCE5-0409D4A51219}.Debug|ARM.Deploy.0 = Debug|ARM
		{92E27316-03E0-4776-BCE5-0409D4A51219}.Debug|ARM64.ActiveCfg = Debug|ARM64
		{92E27316-03E0-4776-BCE5-0409D4A51219}.Debug|ARM64.Build.0 = Debug|ARM64
		{92E27316-03E0-4776-BCE5-0409D4A51219}.Debug|ARM64.Deploy.0 = Debug|ARM64
		{92E27316-03E0-4776-BCE5-0409D4A51219}.Debug|x64.ActiveCfg = Debug|x64
		{92E27316-03E0-4776-BCE5-0409D4A51219}.Debug|x64.Build.0 = Debug|x64
		{92E27316-03E0-4776-BCE5-0409D4A51219}.Debug|x64.Deploy.0 = Debug|x64
		{92E27316-03E0-4776-BCE5-0409D4A51219}.Debug|x86.ActiveCfg = Debug|x86
		{92E27316-03E0-4776-BCE5-0409D4A51219}.Debug|x86.Build.0 = Debug|x86
		{92E27316-03E0-4776-BCE5-0409D4A51219}.Debug|x86.Deploy.0 = Debug|x86
		{92E27316-03E0-4776-BCE5-0409D4A51219}.Release|Any CPU.ActiveCfg = Release|x86
		{92E27316-03E0-4776-BCE5-0409D4A51219}.Release|ARM.ActiveCfg = Release|ARM
		{92E27316-03E0-4776-BCE5-0409D4A51219}.Release|ARM.Build.0 = Release|ARM
		{92E27316-03E0-4776-BCE5-0409D4A51219}.Release|ARM.Deploy.0 = Release|ARM
		{92E27316-03E0-4776-BCE5-0409D4A51219}.Release|ARM64.ActiveCfg = Release|ARM64
		{92E27316-03E0-4776-BCE5-0409D4A51219}.Release|ARM64.Build.0 = Release|ARM64
		{92E27316-03E0-4776-BCE5-0409D4A51219}.Release|ARM64.Deploy.0 = Release|ARM64
		{92E27316-03E0-4776-BCE5-0409D4A51219}.Release|x64.ActiveCfg = Release|x64
		{92E27316-03E0-4776-BCE5-0409D4A51219}.Release|x64.Build.0 = Release|x64
		{92E27316-03E0-4776-BCE5-0409D4A51219}.Release|x64.Deploy.0 = Release|x64
		{92E27316-03E0-4776-BCE5-0409D4A51219}.Release|x86.ActiveCfg = Release|x86
		{92E27316-03E0-4776-BCE5-0409D4A51219}.Release|x86.Build.0 = Release|x86
		{92E27316-03E0-4776-BCE5-0409D4A51219}.Release|x86.Deploy.0 = Release|x86
		{88117DB4-85A9-4A0E-9B8C-F3B4208CE6EC}.Debug|Any CPU.ActiveCfg = Debug|Any CPU
		{88117DB4-85A9-4A0E-9B8C-F3B4208CE6EC}.Debug|Any CPU.Build.0 = Debug|Any CPU
		{88117DB4-85A9-4A0E-9B8C-F3B4208CE6EC}.Debug|ARM.ActiveCfg = Debug|ARM
		{88117DB4-85A9-4A0E-9B8C-F3B4208CE6EC}.Debug|ARM.Build.0 = Debug|ARM
		{88117DB4-85A9-4A0E-9B8C-F3B4208CE6EC}.Debug|ARM64.ActiveCfg = Debug|ARM64
		{88117DB4-85A9-4A0E-9B8C-F3B4208CE6EC}.Debug|ARM64.Build.0 = Debug|ARM64
		{88117DB4-85A9-4A0E-9B8C-F3B4208CE6EC}.Debug|x64.ActiveCfg = Debug|x64
		{88117DB4-85A9-4A0E-9B8C-F3B4208CE6EC}.Debug|x64.Build.0 = Debug|x64
		{88117DB4-85A9-4A0E-9B8C-F3B4208CE6EC}.Debug|x86.ActiveCfg = Debug|x86
		{88117DB4-85A9-4A0E-9B8C-F3B4208CE6EC}.Debug|x86.Build.0 = Debug|x86
		{88117DB4-85A9-4A0E-9B8C-F3B4208CE6EC}.Release|Any CPU.ActiveCfg = Release|Any CPU
		{88117DB4-85A9-4A0E-9B8C-F3B4208CE6EC}.Release|Any CPU.Build.0 = Release|Any CPU
		{88117DB4-85A9-4A0E-9B8C-F3B4208CE6EC}.Release|ARM.ActiveCfg = Release|ARM
		{88117DB4-85A9-4A0E-9B8C-F3B4208CE6EC}.Release|ARM.Build.0 = Release|ARM
		{88117DB4-85A9-4A0E-9B8C-F3B4208CE6EC}.Release|ARM64.ActiveCfg = Release|ARM64
		{88117DB4-85A9-4A0E-9B8C-F3B4208CE6EC}.Release|ARM64.Build.0 = Release|ARM64
		{88117DB4-85A9-4A0E-9B8C-F3B4208CE6EC}.Release|x64.ActiveCfg = Release|x64
		{88117DB4-85A9-4A0E-9B8C-F3B4208CE6EC}.Release|x64.Build.0 = Release|x64
		{88117DB4-85A9-4A0E-9B8C-F3B4208CE6EC}.Release|x86.ActiveCfg = Release|x86
		{88117DB4-85A9-4A0E-9B8C-F3B4208CE6EC}.Release|x86.Build.0 = Release|x86
		{D98FA3B8-CE5B-404B-9EC6-81FC0E9F6203}.Debug|Any CPU.ActiveCfg = Debug|x86
		{D98FA3B8-CE5B-404B-9EC6-81FC0E9F6203}.Debug|ARM.ActiveCfg = Debug|ARM
		{D98FA3B8-CE5B-404B-9EC6-81FC0E9F6203}.Debug|ARM.Build.0 = Debug|ARM
		{D98FA3B8-CE5B-404B-9EC6-81FC0E9F6203}.Debug|ARM.Deploy.0 = Debug|ARM
		{D98FA3B8-CE5B-404B-9EC6-81FC0E9F6203}.Debug|ARM64.ActiveCfg = Debug|ARM64
		{D98FA3B8-CE5B-404B-9EC6-81FC0E9F6203}.Debug|ARM64.Build.0 = Debug|ARM64
		{D98FA3B8-CE5B-404B-9EC6-81FC0E9F6203}.Debug|ARM64.Deploy.0 = Debug|ARM64
		{D98FA3B8-CE5B-404B-9EC6-81FC0E9F6203}.Debug|x64.ActiveCfg = Debug|x64
		{D98FA3B8-CE5B-404B-9EC6-81FC0E9F6203}.Debug|x64.Build.0 = Debug|x64
		{D98FA3B8-CE5B-404B-9EC6-81FC0E9F6203}.Debug|x64.Deploy.0 = Debug|x64
		{D98FA3B8-CE5B-404B-9EC6-81FC0E9F6203}.Debug|x86.ActiveCfg = Debug|x86
		{D98FA3B8-CE5B-404B-9EC6-81FC0E9F6203}.Debug|x86.Build.0 = Debug|x86
		{D98FA3B8-CE5B-404B-9EC6-81FC0E9F6203}.Debug|x86.Deploy.0 = Debug|x86
		{D98FA3B8-CE5B-404B-9EC6-81FC0E9F6203}.Release|Any CPU.ActiveCfg = Release|x86
		{D98FA3B8-CE5B-404B-9EC6-81FC0E9F6203}.Release|ARM.ActiveCfg = Release|ARM
		{D98FA3B8-CE5B-404B-9EC6-81FC0E9F6203}.Release|ARM.Build.0 = Release|ARM
		{D98FA3B8-CE5B-404B-9EC6-81FC0E9F6203}.Release|ARM.Deploy.0 = Release|ARM
		{D98FA3B8-CE5B-404B-9EC6-81FC0E9F6203}.Release|ARM64.ActiveCfg = Release|ARM64
		{D98FA3B8-CE5B-404B-9EC6-81FC0E9F6203}.Release|ARM64.Build.0 = Release|ARM64
		{D98FA3B8-CE5B-404B-9EC6-81FC0E9F6203}.Release|ARM64.Deploy.0 = Release|ARM64
		{D98FA3B8-CE5B-404B-9EC6-81FC0E9F6203}.Release|x64.ActiveCfg = Release|x64
		{D98FA3B8-CE5B-404B-9EC6-81FC0E9F6203}.Release|x64.Build.0 = Release|x64
		{D98FA3B8-CE5B-404B-9EC6-81FC0E9F6203}.Release|x64.Deploy.0 = Release|x64
		{D98FA3B8-CE5B-404B-9EC6-81FC0E9F6203}.Release|x86.ActiveCfg = Release|x86
		{D98FA3B8-CE5B-404B-9EC6-81FC0E9F6203}.Release|x86.Build.0 = Release|x86
		{D98FA3B8-CE5B-404B-9EC6-81FC0E9F6203}.Release|x86.Deploy.0 = Release|x86
	EndGlobalSection
	GlobalSection(SolutionProperties) = preSolution
		HideSolutionNode = FALSE
	EndGlobalSection
	GlobalSection(ExtensibilityGlobals) = postSolution
		SolutionGuid = {1C769113-67B6-43E7-84CB-DE94F25DEC66}
	EndGlobalSection
EndGlobal
